
Microsoft Visual Studio Solution File, Format Version 12.00
# Visual Studio 2012
Project("{FAE04EC0-301F-11D3-BF4B-00C04F79EFBC}") = "Clase3004", "Clase3004\Clase3004.csproj", "{930FAC7A-D50A-4E23-B0A6-060B81BE459B}"
EndProject
Global
	GlobalSection(SolutionConfigurationPlatforms) = preSolution
		Debug|Any CPU = Debug|Any CPU
		Release|Any CPU = Release|Any CPU
	EndGlobalSection
	GlobalSection(ProjectConfigurationPlatforms) = postSolution
		{930FAC7A-D50A-4E23-B0A6-060B81BE459B}.Debug|Any CPU.ActiveCfg = Debug|Any CPU
		{930FAC7A-D50A-4E23-B0A6-060B81BE459B}.Debug|Any CPU.Build.0 = Debug|Any CPU
		{930FAC7A-D50A-4E23-B0A6-060B81BE459B}.Release|Any CPU.ActiveCfg = Release|Any CPU
		{930FAC7A-D50A-4E23-B0A6-060B81BE459B}.Release|Any CPU.Build.0 = Release|Any CPU
	EndGlobalSection
	GlobalSection(SolutionProperties) = preSolution
		HideSolutionNode = FALSE
	EndGlobalSection
EndGlobal
