
Microsoft Visual Studio Solution File, Format Version 12.00
# Visual Studio 2012
Project("{FAE04EC0-301F-11D3-BF4B-00C04F79EFBC}") = "Clase0105-2", "Clase0105-2\Clase0105-2.csproj", "{88478136-9679-4036-959E-B60C988E0D4F}"
EndProject
Global
	GlobalSection(SolutionConfigurationPlatforms) = preSolution
		Debug|Any CPU = Debug|Any CPU
		Release|Any CPU = Release|Any CPU
	EndGlobalSection
	GlobalSection(ProjectConfigurationPlatforms) = postSolution
		{88478136-9679-4036-959E-B60C988E0D4F}.Debug|Any CPU.ActiveCfg = Debug|Any CPU
		{88478136-9679-4036-959E-B60C988E0D4F}.Debug|Any CPU.Build.0 = Debug|Any CPU
		{88478136-9679-4036-959E-B60C988E0D4F}.Release|Any CPU.ActiveCfg = Release|Any CPU
		{88478136-9679-4036-959E-B60C988E0D4F}.Release|Any CPU.Build.0 = Release|Any CPU
	EndGlobalSection
	GlobalSection(SolutionProperties) = preSolution
		HideSolutionNode = FALSE
	EndGlobalSection
EndGlobal
