
Microsoft Visual Studio Solution File, Format Version 12.00
# Visual Studio 2012
Project("{FAE04EC0-301F-11D3-BF4B-00C04F79EFBC}") = "Clase1505-2", "Clase1505-2\Clase1505-2.csproj", "{DCD52C38-C37C-4A4D-B91A-CBFC617B26C9}"
EndProject
Global
	GlobalSection(SolutionConfigurationPlatforms) = preSolution
		Debug|Any CPU = Debug|Any CPU
		Release|Any CPU = Release|Any CPU
	EndGlobalSection
	GlobalSection(ProjectConfigurationPlatforms) = postSolution
		{DCD52C38-C37C-4A4D-B91A-CBFC617B26C9}.Debug|Any CPU.ActiveCfg = Debug|Any CPU
		{DCD52C38-C37C-4A4D-B91A-CBFC617B26C9}.Debug|Any CPU.Build.0 = Debug|Any CPU
		{DCD52C38-C37C-4A4D-B91A-CBFC617B26C9}.Release|Any CPU.ActiveCfg = Release|Any CPU
		{DCD52C38-C37C-4A4D-B91A-CBFC617B26C9}.Release|Any CPU.Build.0 = Release|Any CPU
	EndGlobalSection
	GlobalSection(SolutionProperties) = preSolution
		HideSolutionNode = FALSE
	EndGlobalSection
EndGlobal
